
Microsoft Visual Studio Solution File, Format Version 12.00
# Visual Studio Version 17
VisualStudioVersion = 17.2.32630.192
MinimumVisualStudioVersion = 10.0.40219.1
Project("{8BC9CEB8-8B4A-11D0-8D11-00A0C91BC942}") = "1.doi_cho_truc_tiep", "1.doi_cho_truc_tiep\1.doi_cho_truc_tiep.vcxproj", "{C13BADB1-0B40-4035-AC20-6C027D612AA5}"
EndProject
Project("{8BC9CEB8-8B4A-11D0-8D11-00A0C91BC942}") = "2.selection_sort", "2.selection_sort\2.selection_sort.vcxproj", "{1B6C3B66-9C0D-4A44-BFA5-C3E7552B4061}"
EndProject
Project("{8BC9CEB8-8B4A-11D0-8D11-00A0C91BC942}") = "3.insertion_sort", "3.insertion_sort\3.insertion_sort.vcxproj", "{A8EB4D79-3220-4E78-8ADB-00E1966FD984}"
EndProject
Project("{8BC9CEB8-8B4A-11D0-8D11-00A0C91BC942}") = "4.bubble_sort", "4.bubble_sort\4.bubble_sort.vcxproj", "{A044A11C-24A0-4689-843F-593E8A397BD7}"
EndProject
Project("{8BC9CEB8-8B4A-11D0-8D11-00A0C91BC942}") = "binary_serach", "binary_serach\binary_serach.vcxproj", "{AD6AEF47-9A6C-4A31-90B5-7152EC921E30}"
EndProject
Project("{8BC9CEB8-8B4A-11D0-8D11-00A0C91BC942}") = "7 . vi_tri_dau_tien", "7 . vi_tri_dau_tien\7 . vi_tri_dau_tien.vcxproj", "{58D232AC-3803-4FC5-8D31-9B3C890685DD}"
EndProject
Project("{8BC9CEB8-8B4A-11D0-8D11-00A0C91BC942}") = "8.vi_tri_cuoi_cung", "8.vi_tri_cuoi_cung\8.vi_tri_cuoi_cung.vcxproj", "{8146795E-9E0F-434A-A467-1A8B04FF4C87}"
EndProject
Project("{8BC9CEB8-8B4A-11D0-8D11-00A0C91BC942}") = "9.dem_so_lan_phan_tu_xuat_hien", "9.dem_so_lan_phan_tu_xuat_hien\9.dem_so_lan_phan_tu_xuat_hien.vcxproj", "{206EBA9A-5B59-436D-9E52-B14449525D3C}"
EndProject
Project("{8BC9CEB8-8B4A-11D0-8D11-00A0C91BC942}") = "10.quick_sort(lomuto)", "10.quick_sort(lomuto)\10.quick_sort(lomuto).vcxproj", "{D7B1EFC7-29CB-4428-B582-7C60A57A8D40}"
EndProject
Project("{8BC9CEB8-8B4A-11D0-8D11-00A0C91BC942}") = "11. merge", "11. merge\11. merge.vcxproj", "{3549EEC6-5A58-4F24-A782-EDA3638CAE67}"
EndProject
Project("{8BC9CEB8-8B4A-11D0-8D11-00A0C91BC942}") = "13.khieu_vu", "13.khieu_vu\13.khieu_vu.vcxproj", "{508CF9D8-0FC6-4D11-86E1-7B44751BC46D}"
EndProject
Project("{8BC9CEB8-8B4A-11D0-8D11-00A0C91BC942}") = "14.nha_gan_nhat", "14.nha_gan_nhat\14.nha_gan_nhat.vcxproj", "{D390D5CC-2B07-4801-AE46-678D9048514C}"
EndProject
Project("{8BC9CEB8-8B4A-11D0-8D11-00A0C91BC942}") = "15.xep_gach", "15.xep_gach\15.xep_gach.vcxproj", "{3E85BDC3-FA48-4A7B-904D-9886B56ABD9F}"
EndProject
Project("{8BC9CEB8-8B4A-11D0-8D11-00A0C91BC942}") = "16.vatr_sua_bo", "16.vatr_sua_bo\16.vatr_sua_bo.vcxproj", "{D4E9CBF7-3FF6-40C8-86D6-508359E1AD05}"
EndProject
Project("{8BC9CEB8-8B4A-11D0-8D11-00A0C91BC942}") = "17.oi_cho", "17.oi_cho\17.oi_cho.vcxproj", "{8282E426-0CCD-4BE8-9416-D987F67349FE}"
EndProject
Project("{8BC9CEB8-8B4A-11D0-8D11-00A0C91BC942}") = "18.insertion_sort(2)", "18.insertion_sort(2)\18.insertion_sort(2).vcxproj", "{5CE2C503-7B41-42CD-89CD-2216E77A1FCA}"
EndProject
Project("{8BC9CEB8-8B4A-11D0-8D11-00A0C91BC942}") = "19.phan_nhom", "19.phan_nhom\19.phan_nhom.vcxproj", "{5AFFFC08-7BFE-41E4-B5CA-BECD348CC194}"
EndProject
Project("{8BC9CEB8-8B4A-11D0-8D11-00A0C91BC942}") = "20.ca_si_Le_Ro", "20.ca_si_Le_Ro\20.ca_si_Le_Ro.vcxproj", "{7B5B2F01-4CD7-498E-96A5-DF8B73DF7EAB}"
EndProject
Project("{8BC9CEB8-8B4A-11D0-8D11-00A0C91BC942}") = "21.in_theo_khuon_dang", "21.in_theo_khuon_dang\21.in_theo_khuon_dang.vcxproj", "{6E04AE0E-17B7-47B3-93A9-0F7A695E143A}"
EndProject
Project("{8BC9CEB8-8B4A-11D0-8D11-00A0C91BC942}") = "22,23,24 .cap_so_co_tong= k", "22,23,24 .cap_so_co_tong= k\22,23,24 .cap_so_co_tong= k.vcxproj", "{98908FF0-2822-4033-B83C-64C4B59B7BB9}"
EndProject
Project("{8BC9CEB8-8B4A-11D0-8D11-00A0C91BC942}") = "26", "26\26.vcxproj", "{9A303C91-F0E4-4727-854E-E948D7072CC1}"
EndProject
Project("{8BC9CEB8-8B4A-11D0-8D11-00A0C91BC942}") = "27.hop_nhat_2_mang", "27.hop_nhat_2_mang\27.hop_nhat_2_mang.vcxproj", "{78EF6271-72D0-44CA-AF1C-B4D4B0AA856F}"
EndProject
Project("{8BC9CEB8-8B4A-11D0-8D11-00A0C91BC942}") = "28.dien_so_con_thieu", "28.dien_so_con_thieu\28.dien_so_con_thieu.vcxproj", "{0800B187-48DA-465D-B8BC-730F7A4EC7D9}"
EndProject
Project("{8BC9CEB8-8B4A-11D0-8D11-00A0C91BC942}") = "30.sap_xep_theo_gia_tri_tuyet_doi", "30.sap_xep_theo_gia_tri_tuyet_doi\30.sap_xep_theo_gia_tri_tuyet_doi.vcxproj", "{FC734D23-9BC3-45D9-86DA-B93280618F2D}"
EndProject
Project("{8BC9CEB8-8B4A-11D0-8D11-00A0C91BC942}") = "29.hop_va_giao_cua_mang", "29.hop_va_giao_cua_mang\29.hop_va_giao_cua_mang.vcxproj", "{93306C28-B51E-4D49-9A70-303A1AD62ACE}"
EndProject
Project("{8BC9CEB8-8B4A-11D0-8D11-00A0C91BC942}") = "31.sap_xep_lai_day_con", "31.sap_xep_lai_day_con\31.sap_xep_lai_day_con.vcxproj", "{FFD23A99-9F93-41F2-A3E4-923945E35B6B}"
EndProject
Project("{8BC9CEB8-8B4A-11D0-8D11-00A0C91BC942}") = "32.1_sap_xep_chu_so", "32.1_sap_xep_chu_so\32.1_sap_xep_chu_so.vcxproj", "{30614B32-6CA3-4690-A1A1-E2C7A85C27A3}"
EndProject
Project("{8BC9CEB8-8B4A-11D0-8D11-00A0C91BC942}") = "35.giao_cua_3_day", "35.giao_cua_3_day\35.giao_cua_3_day.vcxproj", "{7A7286DA-9136-4C9D-BCF9-E712CED3C5A5}"
EndProject
Project("{8BC9CEB8-8B4A-11D0-8D11-00A0C91BC942}") = "36.sap_xep_chan_le", "36.sap_xep_chan_le\36.sap_xep_chan_le.vcxproj", "{05FE567E-EE42-4CFC-9367-A52881C1F00A}"
EndProject
Project("{8BC9CEB8-8B4A-11D0-8D11-00A0C91BC942}") = "37.bieu_thuc_nho_nhat", "37.bieu_thuc_nho_nhat\37.bieu_thuc_nho_nhat.vcxproj", "{67FF3BD2-CEFA-4F28-AF73-ECFBF4AA4F5A}"
EndProject
Project("{8BC9CEB8-8B4A-11D0-8D11-00A0C91BC942}") = "38.xep_hang", "38.xep_hang\38.xep_hang.vcxproj", "{E17A5B82-9D41-4EED-A700-8CC7F0AF8ED2}"
EndProject
Global
	GlobalSection(SolutionConfigurationPlatforms) = preSolution
		Debug|x64 = Debug|x64
		Debug|x86 = Debug|x86
		Release|x64 = Release|x64
		Release|x86 = Release|x86
	EndGlobalSection
	GlobalSection(ProjectConfigurationPlatforms) = postSolution
		{C13BADB1-0B40-4035-AC20-6C027D612AA5}.Debug|x64.ActiveCfg = Debug|x64
		{C13BADB1-0B40-4035-AC20-6C027D612AA5}.Debug|x64.Build.0 = Debug|x64
		{C13BADB1-0B40-4035-AC20-6C027D612AA5}.Debug|x86.ActiveCfg = Debug|Win32
		{C13BADB1-0B40-4035-AC20-6C027D612AA5}.Debug|x86.Build.0 = Debug|Win32
		{C13BADB1-0B40-4035-AC20-6C027D612AA5}.Release|x64.ActiveCfg = Release|x64
		{C13BADB1-0B40-4035-AC20-6C027D612AA5}.Release|x64.Build.0 = Release|x64
		{C13BADB1-0B40-4035-AC20-6C027D612AA5}.Release|x86.ActiveCfg = Release|Win32
		{C13BADB1-0B40-4035-AC20-6C027D612AA5}.Release|x86.Build.0 = Release|Win32
		{1B6C3B66-9C0D-4A44-BFA5-C3E7552B4061}.Debug|x64.ActiveCfg = Debug|x64
		{1B6C3B66-9C0D-4A44-BFA5-C3E7552B4061}.Debug|x64.Build.0 = Debug|x64
		{1B6C3B66-9C0D-4A44-BFA5-C3E7552B4061}.Debug|x86.ActiveCfg = Debug|Win32
		{1B6C3B66-9C0D-4A44-BFA5-C3E7552B4061}.Debug|x86.Build.0 = Debug|Win32
		{1B6C3B66-9C0D-4A44-BFA5-C3E7552B4061}.Release|x64.ActiveCfg = Release|x64
		{1B6C3B66-9C0D-4A44-BFA5-C3E7552B4061}.Release|x64.Build.0 = Release|x64
		{1B6C3B66-9C0D-4A44-BFA5-C3E7552B4061}.Release|x86.ActiveCfg = Release|Win32
		{1B6C3B66-9C0D-4A44-BFA5-C3E7552B4061}.Release|x86.Build.0 = Release|Win32
		{A8EB4D79-3220-4E78-8ADB-00E1966FD984}.Debug|x64.ActiveCfg = Debug|x64
		{A8EB4D79-3220-4E78-8ADB-00E1966FD984}.Debug|x64.Build.0 = Debug|x64
		{A8EB4D79-3220-4E78-8ADB-00E1966FD984}.Debug|x86.ActiveCfg = Debug|Win32
		{A8EB4D79-3220-4E78-8ADB-00E1966FD984}.Debug|x86.Build.0 = Debug|Win32
		{A8EB4D79-3220-4E78-8ADB-00E1966FD984}.Release|x64.ActiveCfg = Release|x64
		{A8EB4D79-3220-4E78-8ADB-00E1966FD984}.Release|x64.Build.0 = Release|x64
		{A8EB4D79-3220-4E78-8ADB-00E1966FD984}.Release|x86.ActiveCfg = Release|Win32
		{A8EB4D79-3220-4E78-8ADB-00E1966FD984}.Release|x86.Build.0 = Release|Win32
		{A044A11C-24A0-4689-843F-593E8A397BD7}.Debug|x64.ActiveCfg = Debug|x64
		{A044A11C-24A0-4689-843F-593E8A397BD7}.Debug|x64.Build.0 = Debug|x64
		{A044A11C-24A0-4689-843F-593E8A397BD7}.Debug|x86.ActiveCfg = Debug|Win32
		{A044A11C-24A0-4689-843F-593E8A397BD7}.Debug|x86.Build.0 = Debug|Win32
		{A044A11C-24A0-4689-843F-593E8A397BD7}.Release|x64.ActiveCfg = Release|x64
		{A044A11C-24A0-4689-843F-593E8A397BD7}.Release|x64.Build.0 = Release|x64
		{A044A11C-24A0-4689-843F-593E8A397BD7}.Release|x86.ActiveCfg = Release|Win32
		{A044A11C-24A0-4689-843F-593E8A397BD7}.Release|x86.Build.0 = Release|Win32
		{AD6AEF47-9A6C-4A31-90B5-7152EC921E30}.Debug|x64.ActiveCfg = Debug|x64
		{AD6AEF47-9A6C-4A31-90B5-7152EC921E30}.Debug|x64.Build.0 = Debug|x64
		{AD6AEF47-9A6C-4A31-90B5-7152EC921E30}.Debug|x86.ActiveCfg = Debug|Win32
		{AD6AEF47-9A6C-4A31-90B5-7152EC921E30}.Debug|x86.Build.0 = Debug|Win32
		{AD6AEF47-9A6C-4A31-90B5-7152EC921E30}.Release|x64.ActiveCfg = Release|x64
		{AD6AEF47-9A6C-4A31-90B5-7152EC921E30}.Release|x64.Build.0 = Release|x64
		{AD6AEF47-9A6C-4A31-90B5-7152EC921E30}.Release|x86.ActiveCfg = Release|Win32
		{AD6AEF47-9A6C-4A31-90B5-7152EC921E30}.Release|x86.Build.0 = Release|Win32
		{58D232AC-3803-4FC5-8D31-9B3C890685DD}.Debug|x64.ActiveCfg = Debug|x64
		{58D232AC-3803-4FC5-8D31-9B3C890685DD}.Debug|x64.Build.0 = Debug|x64
		{58D232AC-3803-4FC5-8D31-9B3C890685DD}.Debug|x86.ActiveCfg = Debug|Win32
		{58D232AC-3803-4FC5-8D31-9B3C890685DD}.Debug|x86.Build.0 = Debug|Win32
		{58D232AC-3803-4FC5-8D31-9B3C890685DD}.Release|x64.ActiveCfg = Release|x64
		{58D232AC-3803-4FC5-8D31-9B3C890685DD}.Release|x64.Build.0 = Release|x64
		{58D232AC-3803-4FC5-8D31-9B3C890685DD}.Release|x86.ActiveCfg = Release|Win32
		{58D232AC-3803-4FC5-8D31-9B3C890685DD}.Release|x86.Build.0 = Release|Win32
		{8146795E-9E0F-434A-A467-1A8B04FF4C87}.Debug|x64.ActiveCfg = Debug|x64
		{8146795E-9E0F-434A-A467-1A8B04FF4C87}.Debug|x64.Build.0 = Debug|x64
		{8146795E-9E0F-434A-A467-1A8B04FF4C87}.Debug|x86.ActiveCfg = Debug|Win32
		{8146795E-9E0F-434A-A467-1A8B04FF4C87}.Debug|x86.Build.0 = Debug|Win32
		{8146795E-9E0F-434A-A467-1A8B04FF4C87}.Release|x64.ActiveCfg = Release|x64
		{8146795E-9E0F-434A-A467-1A8B04FF4C87}.Release|x64.Build.0 = Release|x64
		{8146795E-9E0F-434A-A467-1A8B04FF4C87}.Release|x86.ActiveCfg = Release|Win32
		{8146795E-9E0F-434A-A467-1A8B04FF4C87}.Release|x86.Build.0 = Release|Win32
		{206EBA9A-5B59-436D-9E52-B14449525D3C}.Debug|x64.ActiveCfg = Debug|x64
		{206EBA9A-5B59-436D-9E52-B14449525D3C}.Debug|x64.Build.0 = Debug|x64
		{206EBA9A-5B59-436D-9E52-B14449525D3C}.Debug|x86.ActiveCfg = Debug|Win32
		{206EBA9A-5B59-436D-9E52-B14449525D3C}.Debug|x86.Build.0 = Debug|Win32
		{206EBA9A-5B59-436D-9E52-B14449525D3C}.Release|x64.ActiveCfg = Release|x64
		{206EBA9A-5B59-436D-9E52-B14449525D3C}.Release|x64.Build.0 = Release|x64
		{206EBA9A-5B59-436D-9E52-B14449525D3C}.Release|x86.ActiveCfg = Release|Win32
		{206EBA9A-5B59-436D-9E52-B14449525D3C}.Release|x86.Build.0 = Release|Win32
		{D7B1EFC7-29CB-4428-B582-7C60A57A8D40}.Debug|x64.ActiveCfg = Debug|x64
		{D7B1EFC7-29CB-4428-B582-7C60A57A8D40}.Debug|x64.Build.0 = Debug|x64
		{D7B1EFC7-29CB-4428-B582-7C60A57A8D40}.Debug|x86.ActiveCfg = Debug|Win32
		{D7B1EFC7-29CB-4428-B582-7C60A57A8D40}.Debug|x86.Build.0 = Debug|Win32
		{D7B1EFC7-29CB-4428-B582-7C60A57A8D40}.Release|x64.ActiveCfg = Release|x64
		{D7B1EFC7-29CB-4428-B582-7C60A57A8D40}.Release|x64.Build.0 = Release|x64
		{D7B1EFC7-29CB-4428-B582-7C60A57A8D40}.Release|x86.ActiveCfg = Release|Win32
		{D7B1EFC7-29CB-4428-B582-7C60A57A8D40}.Release|x86.Build.0 = Release|Win32
		{3549EEC6-5A58-4F24-A782-EDA3638CAE67}.Debug|x64.ActiveCfg = Debug|x64
		{3549EEC6-5A58-4F24-A782-EDA3638CAE67}.Debug|x64.Build.0 = Debug|x64
		{3549EEC6-5A58-4F24-A782-EDA3638CAE67}.Debug|x86.ActiveCfg = Debug|Win32
		{3549EEC6-5A58-4F24-A782-EDA3638CAE67}.Debug|x86.Build.0 = Debug|Win32
		{3549EEC6-5A58-4F24-A782-EDA3638CAE67}.Release|x64.ActiveCfg = Release|x64
		{3549EEC6-5A58-4F24-A782-EDA3638CAE67}.Release|x64.Build.0 = Release|x64
		{3549EEC6-5A58-4F24-A782-EDA3638CAE67}.Release|x86.ActiveCfg = Release|Win32
		{3549EEC6-5A58-4F24-A782-EDA3638CAE67}.Release|x86.Build.0 = Release|Win32
		{508CF9D8-0FC6-4D11-86E1-7B44751BC46D}.Debug|x64.ActiveCfg = Debug|x64
		{508CF9D8-0FC6-4D11-86E1-7B44751BC46D}.Debug|x64.Build.0 = Debug|x64
		{508CF9D8-0FC6-4D11-86E1-7B44751BC46D}.Debug|x86.ActiveCfg = Debug|Win32
		{508CF9D8-0FC6-4D11-86E1-7B44751BC46D}.Debug|x86.Build.0 = Debug|Win32
		{508CF9D8-0FC6-4D11-86E1-7B44751BC46D}.Release|x64.ActiveCfg = Release|x64
		{508CF9D8-0FC6-4D11-86E1-7B44751BC46D}.Release|x64.Build.0 = Release|x64
		{508CF9D8-0FC6-4D11-86E1-7B44751BC46D}.Release|x86.ActiveCfg = Release|Win32
		{508CF9D8-0FC6-4D11-86E1-7B44751BC46D}.Release|x86.Build.0 = Release|Win32
		{D390D5CC-2B07-4801-AE46-678D9048514C}.Debug|x64.ActiveCfg = Debug|x64
		{D390D5CC-2B07-4801-AE46-678D9048514C}.Debug|x64.Build.0 = Debug|x64
		{D390D5CC-2B07-4801-AE46-678D9048514C}.Debug|x86.ActiveCfg = Debug|Win32
		{D390D5CC-2B07-4801-AE46-678D9048514C}.Debug|x86.Build.0 = Debug|Win32
		{D390D5CC-2B07-4801-AE46-678D9048514C}.Release|x64.ActiveCfg = Release|x64
		{D390D5CC-2B07-4801-AE46-678D9048514C}.Release|x64.Build.0 = Release|x64
		{D390D5CC-2B07-4801-AE46-678D9048514C}.Release|x86.ActiveCfg = Release|Win32
		{D390D5CC-2B07-4801-AE46-678D9048514C}.Release|x86.Build.0 = Release|Win32
		{3E85BDC3-FA48-4A7B-904D-9886B56ABD9F}.Debug|x64.ActiveCfg = Debug|x64
		{3E85BDC3-FA48-4A7B-904D-9886B56ABD9F}.Debug|x64.Build.0 = Debug|x64
		{3E85BDC3-FA48-4A7B-904D-9886B56ABD9F}.Debug|x86.ActiveCfg = Debug|Win32
		{3E85BDC3-FA48-4A7B-904D-9886B56ABD9F}.Debug|x86.Build.0 = Debug|Win32
		{3E85BDC3-FA48-4A7B-904D-9886B56ABD9F}.Release|x64.ActiveCfg = Release|x64
		{3E85BDC3-FA48-4A7B-904D-9886B56ABD9F}.Release|x64.Build.0 = Release|x64
		{3E85BDC3-FA48-4A7B-904D-9886B56ABD9F}.Release|x86.ActiveCfg = Release|Win32
		{3E85BDC3-FA48-4A7B-904D-9886B56ABD9F}.Release|x86.Build.0 = Release|Win32
		{D4E9CBF7-3FF6-40C8-86D6-508359E1AD05}.Debug|x64.ActiveCfg = Debug|x64
		{D4E9CBF7-3FF6-40C8-86D6-508359E1AD05}.Debug|x64.Build.0 = Debug|x64
		{D4E9CBF7-3FF6-40C8-86D6-508359E1AD05}.Debug|x86.ActiveCfg = Debug|Win32
		{D4E9CBF7-3FF6-40C8-86D6-508359E1AD05}.Debug|x86.Build.0 = Debug|Win32
		{D4E9CBF7-3FF6-40C8-86D6-508359E1AD05}.Release|x64.ActiveCfg = Release|x64
		{D4E9CBF7-3FF6-40C8-86D6-508359E1AD05}.Release|x64.Build.0 = Release|x64
		{D4E9CBF7-3FF6-40C8-86D6-508359E1AD05}.Release|x86.ActiveCfg = Release|Win32
		{D4E9CBF7-3FF6-40C8-86D6-508359E1AD05}.Release|x86.Build.0 = Release|Win32
		{8282E426-0CCD-4BE8-9416-D987F67349FE}.Debug|x64.ActiveCfg = Debug|x64
		{8282E426-0CCD-4BE8-9416-D987F67349FE}.Debug|x64.Build.0 = Debug|x64
		{8282E426-0CCD-4BE8-9416-D987F67349FE}.Debug|x86.ActiveCfg = Debug|Win32
		{8282E426-0CCD-4BE8-9416-D987F67349FE}.Debug|x86.Build.0 = Debug|Win32
		{8282E426-0CCD-4BE8-9416-D987F67349FE}.Release|x64.ActiveCfg = Release|x64
		{8282E426-0CCD-4BE8-9416-D987F67349FE}.Release|x64.Build.0 = Release|x64
		{8282E426-0CCD-4BE8-9416-D987F67349FE}.Release|x86.ActiveCfg = Release|Win32
		{8282E426-0CCD-4BE8-9416-D987F67349FE}.Release|x86.Build.0 = Release|Win32
		{5CE2C503-7B41-42CD-89CD-2216E77A1FCA}.Debug|x64.ActiveCfg = Debug|x64
		{5CE2C503-7B41-42CD-89CD-2216E77A1FCA}.Debug|x64.Build.0 = Debug|x64
		{5CE2C503-7B41-42CD-89CD-2216E77A1FCA}.Debug|x86.ActiveCfg = Debug|Win32
		{5CE2C503-7B41-42CD-89CD-2216E77A1FCA}.Debug|x86.Build.0 = Debug|Win32
		{5CE2C503-7B41-42CD-89CD-2216E77A1FCA}.Release|x64.ActiveCfg = Release|x64
		{5CE2C503-7B41-42CD-89CD-2216E77A1FCA}.Release|x64.Build.0 = Release|x64
		{5CE2C503-7B41-42CD-89CD-2216E77A1FCA}.Release|x86.ActiveCfg = Release|Win32
		{5CE2C503-7B41-42CD-89CD-2216E77A1FCA}.Release|x86.Build.0 = Release|Win32
		{5AFFFC08-7BFE-41E4-B5CA-BECD348CC194}.Debug|x64.ActiveCfg = Debug|x64
		{5AFFFC08-7BFE-41E4-B5CA-BECD348CC194}.Debug|x64.Build.0 = Debug|x64
		{5AFFFC08-7BFE-41E4-B5CA-BECD348CC194}.Debug|x86.ActiveCfg = Debug|Win32
		{5AFFFC08-7BFE-41E4-B5CA-BECD348CC194}.Debug|x86.Build.0 = Debug|Win32
		{5AFFFC08-7BFE-41E4-B5CA-BECD348CC194}.Release|x64.ActiveCfg = Release|x64
		{5AFFFC08-7BFE-41E4-B5CA-BECD348CC194}.Release|x64.Build.0 = Release|x64
		{5AFFFC08-7BFE-41E4-B5CA-BECD348CC194}.Release|x86.ActiveCfg = Release|Win32
		{5AFFFC08-7BFE-41E4-B5CA-BECD348CC194}.Release|x86.Build.0 = Release|Win32
		{7B5B2F01-4CD7-498E-96A5-DF8B73DF7EAB}.Debug|x64.ActiveCfg = Debug|x64
		{7B5B2F01-4CD7-498E-96A5-DF8B73DF7EAB}.Debug|x64.Build.0 = Debug|x64
		{7B5B2F01-4CD7-498E-96A5-DF8B73DF7EAB}.Debug|x86.ActiveCfg = Debug|Win32
		{7B5B2F01-4CD7-498E-96A5-DF8B73DF7EAB}.Debug|x86.Build.0 = Debug|Win32
		{7B5B2F01-4CD7-498E-96A5-DF8B73DF7EAB}.Release|x64.ActiveCfg = Release|x64
		{7B5B2F01-4CD7-498E-96A5-DF8B73DF7EAB}.Release|x64.Build.0 = Release|x64
		{7B5B2F01-4CD7-498E-96A5-DF8B73DF7EAB}.Release|x86.ActiveCfg = Release|Win32
		{7B5B2F01-4CD7-498E-96A5-DF8B73DF7EAB}.Release|x86.Build.0 = Release|Win32
		{6E04AE0E-17B7-47B3-93A9-0F7A695E143A}.Debug|x64.ActiveCfg = Debug|x64
		{6E04AE0E-17B7-47B3-93A9-0F7A695E143A}.Debug|x64.Build.0 = Debug|x64
		{6E04AE0E-17B7-47B3-93A9-0F7A695E143A}.Debug|x86.ActiveCfg = Debug|Win32
		{6E04AE0E-17B7-47B3-93A9-0F7A695E143A}.Debug|x86.Build.0 = Debug|Win32
		{6E04AE0E-17B7-47B3-93A9-0F7A695E143A}.Release|x64.ActiveCfg = Release|x64
		{6E04AE0E-17B7-47B3-93A9-0F7A695E143A}.Release|x64.Build.0 = Release|x64
		{6E04AE0E-17B7-47B3-93A9-0F7A695E143A}.Release|x86.ActiveCfg = Release|Win32
		{6E04AE0E-17B7-47B3-93A9-0F7A695E143A}.Release|x86.Build.0 = Release|Win32
		{98908FF0-2822-4033-B83C-64C4B59B7BB9}.Debug|x64.ActiveCfg = Debug|x64
		{98908FF0-2822-4033-B83C-64C4B59B7BB9}.Debug|x64.Build.0 = Debug|x64
		{98908FF0-2822-4033-B83C-64C4B59B7BB9}.Debug|x86.ActiveCfg = Debug|Win32
		{98908FF0-2822-4033-B83C-64C4B59B7BB9}.Debug|x86.Build.0 = Debug|Win32
		{98908FF0-2822-4033-B83C-64C4B59B7BB9}.Release|x64.ActiveCfg = Release|x64
		{98908FF0-2822-4033-B83C-64C4B59B7BB9}.Release|x64.Build.0 = Release|x64
		{98908FF0-2822-4033-B83C-64C4B59B7BB9}.Release|x86.ActiveCfg = Release|Win32
		{98908FF0-2822-4033-B83C-64C4B59B7BB9}.Release|x86.Build.0 = Release|Win32
		{9A303C91-F0E4-4727-854E-E948D7072CC1}.Debug|x64.ActiveCfg = Debug|x64
		{9A303C91-F0E4-4727-854E-E948D7072CC1}.Debug|x64.Build.0 = Debug|x64
		{9A303C91-F0E4-4727-854E-E948D7072CC1}.Debug|x86.ActiveCfg = Debug|Win32
		{9A303C91-F0E4-4727-854E-E948D7072CC1}.Debug|x86.Build.0 = Debug|Win32
		{9A303C91-F0E4-4727-854E-E948D7072CC1}.Release|x64.ActiveCfg = Release|x64
		{9A303C91-F0E4-4727-854E-E948D7072CC1}.Release|x64.Build.0 = Release|x64
		{9A303C91-F0E4-4727-854E-E948D7072CC1}.Release|x86.ActiveCfg = Release|Win32
		{9A303C91-F0E4-4727-854E-E948D7072CC1}.Release|x86.Build.0 = Release|Win32
		{78EF6271-72D0-44CA-AF1C-B4D4B0AA856F}.Debug|x64.ActiveCfg = Debug|x64
		{78EF6271-72D0-44CA-AF1C-B4D4B0AA856F}.Debug|x64.Build.0 = Debug|x64
		{78EF6271-72D0-44CA-AF1C-B4D4B0AA856F}.Debug|x86.ActiveCfg = Debug|Win32
		{78EF6271-72D0-44CA-AF1C-B4D4B0AA856F}.Debug|x86.Build.0 = Debug|Win32
		{78EF6271-72D0-44CA-AF1C-B4D4B0AA856F}.Release|x64.ActiveCfg = Release|x64
		{78EF6271-72D0-44CA-AF1C-B4D4B0AA856F}.Release|x64.Build.0 = Release|x64
		{78EF6271-72D0-44CA-AF1C-B4D4B0AA856F}.Release|x86.ActiveCfg = Release|Win32
		{78EF6271-72D0-44CA-AF1C-B4D4B0AA856F}.Release|x86.Build.0 = Release|Win32
		{0800B187-48DA-465D-B8BC-730F7A4EC7D9}.Debug|x64.ActiveCfg = Debug|x64
		{0800B187-48DA-465D-B8BC-730F7A4EC7D9}.Debug|x64.Build.0 = Debug|x64
		{0800B187-48DA-465D-B8BC-730F7A4EC7D9}.Debug|x86.ActiveCfg = Debug|Win32
		{0800B187-48DA-465D-B8BC-730F7A4EC7D9}.Debug|x86.Build.0 = Debug|Win32
		{0800B187-48DA-465D-B8BC-730F7A4EC7D9}.Release|x64.ActiveCfg = Release|x64
		{0800B187-48DA-465D-B8BC-730F7A4EC7D9}.Release|x64.Build.0 = Release|x64
		{0800B187-48DA-465D-B8BC-730F7A4EC7D9}.Release|x86.ActiveCfg = Release|Win32
		{0800B187-48DA-465D-B8BC-730F7A4EC7D9}.Release|x86.Build.0 = Release|Win32
		{FC734D23-9BC3-45D9-86DA-B93280618F2D}.Debug|x64.ActiveCfg = Debug|x64
		{FC734D23-9BC3-45D9-86DA-B93280618F2D}.Debug|x64.Build.0 = Debug|x64
		{FC734D23-9BC3-45D9-86DA-B93280618F2D}.Debug|x86.ActiveCfg = Debug|Win32
		{FC734D23-9BC3-45D9-86DA-B93280618F2D}.Debug|x86.Build.0 = Debug|Win32
		{FC734D23-9BC3-45D9-86DA-B93280618F2D}.Release|x64.ActiveCfg = Release|x64
		{FC734D23-9BC3-45D9-86DA-B93280618F2D}.Release|x64.Build.0 = Release|x64
		{FC734D23-9BC3-45D9-86DA-B93280618F2D}.Release|x86.ActiveCfg = Release|Win32
		{FC734D23-9BC3-45D9-86DA-B93280618F2D}.Release|x86.Build.0 = Release|Win32
		{93306C28-B51E-4D49-9A70-303A1AD62ACE}.Debug|x64.ActiveCfg = Debug|x64
		{93306C28-B51E-4D49-9A70-303A1AD62ACE}.Debug|x64.Build.0 = Debug|x64
		{93306C28-B51E-4D49-9A70-303A1AD62ACE}.Debug|x86.ActiveCfg = Debug|Win32
		{93306C28-B51E-4D49-9A70-303A1AD62ACE}.Debug|x86.Build.0 = Debug|Win32
		{93306C28-B51E-4D49-9A70-303A1AD62ACE}.Release|x64.ActiveCfg = Release|x64
		{93306C28-B51E-4D49-9A70-303A1AD62ACE}.Release|x64.Build.0 = Release|x64
		{93306C28-B51E-4D49-9A70-303A1AD62ACE}.Release|x86.ActiveCfg = Release|Win32
		{93306C28-B51E-4D49-9A70-303A1AD62ACE}.Release|x86.Build.0 = Release|Win32
		{FFD23A99-9F93-41F2-A3E4-923945E35B6B}.Debug|x64.ActiveCfg = Debug|x64
		{FFD23A99-9F93-41F2-A3E4-923945E35B6B}.Debug|x64.Build.0 = Debug|x64
		{FFD23A99-9F93-41F2-A3E4-923945E35B6B}.Debug|x86.ActiveCfg = Debug|Win32
		{FFD23A99-9F93-41F2-A3E4-923945E35B6B}.Debug|x86.Build.0 = Debug|Win32
		{FFD23A99-9F93-41F2-A3E4-923945E35B6B}.Release|x64.ActiveCfg = Release|x64
		{FFD23A99-9F93-41F2-A3E4-923945E35B6B}.Release|x64.Build.0 = Release|x64
		{FFD23A99-9F93-41F2-A3E4-923945E35B6B}.Release|x86.ActiveCfg = Release|Win32
		{FFD23A99-9F93-41F2-A3E4-923945E35B6B}.Release|x86.Build.0 = Release|Win32
		{30614B32-6CA3-4690-A1A1-E2C7A85C27A3}.Debug|x64.ActiveCfg = Debug|x64
		{30614B32-6CA3-4690-A1A1-E2C7A85C27A3}.Debug|x64.Build.0 = Debug|x64
		{30614B32-6CA3-4690-A1A1-E2C7A85C27A3}.Debug|x86.ActiveCfg = Debug|Win32
		{30614B32-6CA3-4690-A1A1-E2C7A85C27A3}.Debug|x86.Build.0 = Debug|Win32
		{30614B32-6CA3-4690-A1A1-E2C7A85C27A3}.Release|x64.ActiveCfg = Release|x64
		{30614B32-6CA3-4690-A1A1-E2C7A85C27A3}.Release|x64.Build.0 = Release|x64
		{30614B32-6CA3-4690-A1A1-E2C7A85C27A3}.Release|x86.ActiveCfg = Release|Win32
		{30614B32-6CA3-4690-A1A1-E2C7A85C27A3}.Release|x86.Build.0 = Release|Win32
		{7A7286DA-9136-4C9D-BCF9-E712CED3C5A5}.Debug|x64.ActiveCfg = Debug|x64
		{7A7286DA-9136-4C9D-BCF9-E712CED3C5A5}.Debug|x64.Build.0 = Debug|x64
		{7A7286DA-9136-4C9D-BCF9-E712CED3C5A5}.Debug|x86.ActiveCfg = Debug|Win32
		{7A7286DA-9136-4C9D-BCF9-E712CED3C5A5}.Debug|x86.Build.0 = Debug|Win32
		{7A7286DA-9136-4C9D-BCF9-E712CED3C5A5}.Release|x64.ActiveCfg = Release|x64
		{7A7286DA-9136-4C9D-BCF9-E712CED3C5A5}.Release|x64.Build.0 = Release|x64
		{7A7286DA-9136-4C9D-BCF9-E712CED3C5A5}.Release|x86.ActiveCfg = Release|Win32
		{7A7286DA-9136-4C9D-BCF9-E712CED3C5A5}.Release|x86.Build.0 = Release|Win32
		{05FE567E-EE42-4CFC-9367-A52881C1F00A}.Debug|x64.ActiveCfg = Debug|x64
		{05FE567E-EE42-4CFC-9367-A52881C1F00A}.Debug|x64.Build.0 = Debug|x64
		{05FE567E-EE42-4CFC-9367-A52881C1F00A}.Debug|x86.ActiveCfg = Debug|Win32
		{05FE567E-EE42-4CFC-9367-A52881C1F00A}.Debug|x86.Build.0 = Debug|Win32
		{05FE567E-EE42-4CFC-9367-A52881C1F00A}.Release|x64.ActiveCfg = Release|x64
		{05FE567E-EE42-4CFC-9367-A52881C1F00A}.Release|x64.Build.0 = Release|x64
		{05FE567E-EE42-4CFC-9367-A52881C1F00A}.Release|x86.ActiveCfg = Release|Win32
		{05FE567E-EE42-4CFC-9367-A52881C1F00A}.Release|x86.Build.0 = Release|Win32
		{67FF3BD2-CEFA-4F28-AF73-ECFBF4AA4F5A}.Debug|x64.ActiveCfg = Debug|x64
		{67FF3BD2-CEFA-4F28-AF73-ECFBF4AA4F5A}.Debug|x64.Build.0 = Debug|x64
		{67FF3BD2-CEFA-4F28-AF73-ECFBF4AA4F5A}.Debug|x86.ActiveCfg = Debug|Win32
		{67FF3BD2-CEFA-4F28-AF73-ECFBF4AA4F5A}.Debug|x86.Build.0 = Debug|Win32
		{67FF3BD2-CEFA-4F28-AF73-ECFBF4AA4F5A}.Release|x64.ActiveCfg = Release|x64
		{67FF3BD2-CEFA-4F28-AF73-ECFBF4AA4F5A}.Release|x64.Build.0 = Release|x64
		{67FF3BD2-CEFA-4F28-AF73-ECFBF4AA4F5A}.Release|x86.ActiveCfg = Release|Win32
		{67FF3BD2-CEFA-4F28-AF73-ECFBF4AA4F5A}.Release|x86.Build.0 = Release|Win32
		{E17A5B82-9D41-4EED-A700-8CC7F0AF8ED2}.Debug|x64.ActiveCfg = Debug|x64
		{E17A5B82-9D41-4EED-A700-8CC7F0AF8ED2}.Debug|x64.Build.0 = Debug|x64
		{E17A5B82-9D41-4EED-A700-8CC7F0AF8ED2}.Debug|x86.ActiveCfg = Debug|Win32
		{E17A5B82-9D41-4EED-A700-8CC7F0AF8ED2}.Debug|x86.Build.0 = Debug|Win32
		{E17A5B82-9D41-4EED-A700-8CC7F0AF8ED2}.Release|x64.ActiveCfg = Release|x64
		{E17A5B82-9D41-4EED-A700-8CC7F0AF8ED2}.Release|x64.Build.0 = Release|x64
		{E17A5B82-9D41-4EED-A700-8CC7F0AF8ED2}.Release|x86.ActiveCfg = Release|Win32
		{E17A5B82-9D41-4EED-A700-8CC7F0AF8ED2}.Release|x86.Build.0 = Release|Win32
	EndGlobalSection
	GlobalSection(SolutionProperties) = preSolution
		HideSolutionNode = FALSE
	EndGlobalSection
	GlobalSection(ExtensibilityGlobals) = postSolution
		SolutionGuid = {CA933BAF-9A78-4DC1-9285-68FF0DB28355}
	EndGlobalSection
EndGlobal
