
Microsoft Visual Studio Solution File, Format Version 12.00
# Visual Studio Version 17
VisualStudioVersion = 17.7.34031.279
MinimumVisualStudioVersion = 10.0.40219.1
Project("{8BC9CEB8-8B4A-11D0-8D11-00A0C91BC942}") = "main.cpp", "main.cpp\main.cpp.vcxproj", "{9DEEEF53-ED7D-4D09-B528-011989D5B87F}"
EndProject
Project("{8BC9CEB8-8B4A-11D0-8D11-00A0C91BC942}") = "BST.cpp", "BST.pp\BST.pp.vcxproj", "{42CE15CD-9798-46E1-A4F0-52BA7D728BBA}"
EndProject
Global
	GlobalSection(SolutionConfigurationPlatforms) = preSolution
		Debug|x64 = Debug|x64
		Debug|x86 = Debug|x86
		Release|x64 = Release|x64
		Release|x86 = Release|x86
	EndGlobalSection
	GlobalSection(ProjectConfigurationPlatforms) = postSolution
		{9DEEEF53-ED7D-4D09-B528-011989D5B87F}.Debug|x64.ActiveCfg = Debug|x64
		{9DEEEF53-ED7D-4D09-B528-011989D5B87F}.Debug|x64.Build.0 = Debug|x64
		{9DEEEF53-ED7D-4D09-B528-011989D5B87F}.Debug|x86.ActiveCfg = Debug|Win32
		{9DEEEF53-ED7D-4D09-B528-011989D5B87F}.Debug|x86.Build.0 = Debug|Win32
		{9DEEEF53-ED7D-4D09-B528-011989D5B87F}.Release|x64.ActiveCfg = Release|x64
		{9DEEEF53-ED7D-4D09-B528-011989D5B87F}.Release|x64.Build.0 = Release|x64
		{9DEEEF53-ED7D-4D09-B528-011989D5B87F}.Release|x86.ActiveCfg = Release|Win32
		{9DEEEF53-ED7D-4D09-B528-011989D5B87F}.Release|x86.Build.0 = Release|Win32
		{42CE15CD-9798-46E1-A4F0-52BA7D728BBA}.Debug|x64.ActiveCfg = Debug|x64
		{42CE15CD-9798-46E1-A4F0-52BA7D728BBA}.Debug|x64.Build.0 = Debug|x64
		{42CE15CD-9798-46E1-A4F0-52BA7D728BBA}.Debug|x86.ActiveCfg = Debug|Win32
		{42CE15CD-9798-46E1-A4F0-52BA7D728BBA}.Debug|x86.Build.0 = Debug|Win32
		{42CE15CD-9798-46E1-A4F0-52BA7D728BBA}.Release|x64.ActiveCfg = Release|x64
		{42CE15CD-9798-46E1-A4F0-52BA7D728BBA}.Release|x64.Build.0 = Release|x64
		{42CE15CD-9798-46E1-A4F0-52BA7D728BBA}.Release|x86.ActiveCfg = Release|Win32
		{42CE15CD-9798-46E1-A4F0-52BA7D728BBA}.Release|x86.Build.0 = Release|Win32
	EndGlobalSection
	GlobalSection(SolutionProperties) = preSolution
		HideSolutionNode = FALSE
	EndGlobalSection
	GlobalSection(ExtensibilityGlobals) = postSolution
		SolutionGuid = {4788F0C1-0874-41A7-A653-5CCF791EE004}
	EndGlobalSection
EndGlobal
