
Microsoft Visual Studio Solution File, Format Version 12.00
# Visual Studio Version 17
VisualStudioVersion = 17.5.33530.505
MinimumVisualStudioVersion = 10.0.40219.1
Project("{8BC9CEB8-8B4A-11D0-8D11-00A0C91BC942}") = "ly_thuyet_ve_con_tro", "ly_thuyet_ve_con_tro\ly_thuyet_ve_con_tro.vcxproj", "{6F77913E-FF7B-4F9C-94B1-97C2ECA47A52}"
EndProject
Project("{8BC9CEB8-8B4A-11D0-8D11-00A0C91BC942}") = "con_tro_va_mang", "con_tro_va_mang\con_tro_va_mang.vcxproj", "{420504EB-C294-4262-89FB-C0C9111CBD7A}"
EndProject
Global
	GlobalSection(SolutionConfigurationPlatforms) = preSolution
		Debug|x64 = Debug|x64
		Debug|x86 = Debug|x86
		Release|x64 = Release|x64
		Release|x86 = Release|x86
	EndGlobalSection
	GlobalSection(ProjectConfigurationPlatforms) = postSolution
		{6F77913E-FF7B-4F9C-94B1-97C2ECA47A52}.Debug|x64.ActiveCfg = Debug|x64
		{6F77913E-FF7B-4F9C-94B1-97C2ECA47A52}.Debug|x64.Build.0 = Debug|x64
		{6F77913E-FF7B-4F9C-94B1-97C2ECA47A52}.Debug|x86.ActiveCfg = Debug|Win32
		{6F77913E-FF7B-4F9C-94B1-97C2ECA47A52}.Debug|x86.Build.0 = Debug|Win32
		{6F77913E-FF7B-4F9C-94B1-97C2ECA47A52}.Release|x64.ActiveCfg = Release|x64
		{6F77913E-FF7B-4F9C-94B1-97C2ECA47A52}.Release|x64.Build.0 = Release|x64
		{6F77913E-FF7B-4F9C-94B1-97C2ECA47A52}.Release|x86.ActiveCfg = Release|Win32
		{6F77913E-FF7B-4F9C-94B1-97C2ECA47A52}.Release|x86.Build.0 = Release|Win32
		{420504EB-C294-4262-89FB-C0C9111CBD7A}.Debug|x64.ActiveCfg = Debug|x64
		{420504EB-C294-4262-89FB-C0C9111CBD7A}.Debug|x64.Build.0 = Debug|x64
		{420504EB-C294-4262-89FB-C0C9111CBD7A}.Debug|x86.ActiveCfg = Debug|Win32
		{420504EB-C294-4262-89FB-C0C9111CBD7A}.Debug|x86.Build.0 = Debug|Win32
		{420504EB-C294-4262-89FB-C0C9111CBD7A}.Release|x64.ActiveCfg = Release|x64
		{420504EB-C294-4262-89FB-C0C9111CBD7A}.Release|x64.Build.0 = Release|x64
		{420504EB-C294-4262-89FB-C0C9111CBD7A}.Release|x86.ActiveCfg = Release|Win32
		{420504EB-C294-4262-89FB-C0C9111CBD7A}.Release|x86.Build.0 = Release|Win32
	EndGlobalSection
	GlobalSection(SolutionProperties) = preSolution
		HideSolutionNode = FALSE
	EndGlobalSection
	GlobalSection(ExtensibilityGlobals) = postSolution
		SolutionGuid = {0F59E079-26D1-4A8C-BB95-89AD188273CC}
	EndGlobalSection
EndGlobal
