
Microsoft Visual Studio Solution File, Format Version 12.00
# Visual Studio Version 17
VisualStudioVersion = 17.2.32630.192
MinimumVisualStudioVersion = 10.0.40219.1
Project("{8BC9CEB8-8B4A-11D0-8D11-00A0C91BC942}") = "set map", "set map.vcxproj", "{9225AD50-0523-423D-A5A9-34880A78AF33}"
EndProject
Global
	GlobalSection(SolutionConfigurationPlatforms) = preSolution
		Debug|x64 = Debug|x64
		Debug|x86 = Debug|x86
		Release|x64 = Release|x64
		Release|x86 = Release|x86
	EndGlobalSection
	GlobalSection(ProjectConfigurationPlatforms) = postSolution
		{9225AD50-0523-423D-A5A9-34880A78AF33}.Debug|x64.ActiveCfg = Debug|x64
		{9225AD50-0523-423D-A5A9-34880A78AF33}.Debug|x64.Build.0 = Debug|x64
		{9225AD50-0523-423D-A5A9-34880A78AF33}.Debug|x86.ActiveCfg = Debug|Win32
		{9225AD50-0523-423D-A5A9-34880A78AF33}.Debug|x86.Build.0 = Debug|Win32
		{9225AD50-0523-423D-A5A9-34880A78AF33}.Release|x64.ActiveCfg = Release|x64
		{9225AD50-0523-423D-A5A9-34880A78AF33}.Release|x64.Build.0 = Release|x64
		{9225AD50-0523-423D-A5A9-34880A78AF33}.Release|x86.ActiveCfg = Release|Win32
		{9225AD50-0523-423D-A5A9-34880A78AF33}.Release|x86.Build.0 = Release|Win32
	EndGlobalSection
	GlobalSection(SolutionProperties) = preSolution
		HideSolutionNode = FALSE
	EndGlobalSection
	GlobalSection(ExtensibilityGlobals) = postSolution
		SolutionGuid = {D4CCB106-6744-4694-B5F4-A3523E0D661D}
	EndGlobalSection
EndGlobal
